// !$*UTF8*$!
{
	archiveVersion = 1;
	classes = {
	};
	objectVersion = 46;
	objects = {

/* Begin PBXBuildFile section */
		125A46741B4A658F0070416B /* Todo.swift in Sources */ = {isa = PBXBuildFile; fileRef = 125A46731B4A658F0070416B /* Todo.swift */; };
		125A46761B4B53A00070416B /* Settings.swift in Sources */ = {isa = PBXBuildFile; fileRef = 125A46751B4B53A00070416B /* Settings.swift */; };
		1290288D1B47C0590038D99B /* AppDelegate.swift in Sources */ = {isa = PBXBuildFile; fileRef = 1290288C1B47C0590038D99B /* AppDelegate.swift */; };
		1290288F1B47C0590038D99B /* MasterViewController.swift in Sources */ = {isa = PBXBuildFile; fileRef = 1290288E1B47C0590038D99B /* MasterViewController.swift */; };
		129028911B47C0590038D99B /* DetailViewController.swift in Sources */ = {isa = PBXBuildFile; fileRef = 129028901B47C0590038D99B /* DetailViewController.swift */; };
		129028941B47C0590038D99B /* Main.storyboard in Resources */ = {isa = PBXBuildFile; fileRef = 129028921B47C0590038D99B /* Main.storyboard */; };
		129028961B47C0590038D99B /* Images.xcassets in Resources */ = {isa = PBXBuildFile; fileRef = 129028951B47C0590038D99B /* Images.xcassets */; };
		129028991B47C0590038D99B /* LaunchScreen.xib in Resources */ = {isa = PBXBuildFile; fileRef = 129028971B47C0590038D99B /* LaunchScreen.xib */; };
		129028A51B47C0590038D99B /* NCMBiOS_FacebookTests.swift in Sources */ = {isa = PBXBuildFile; fileRef = 129028A41B47C0590038D99B /* NCMBiOS_FacebookTests.swift */; };
		12BA5C061B494413005936CA /* LoginViewController.swift in Sources */ = {isa = PBXBuildFile; fileRef = 12BA5C051B494413005936CA /* LoginViewController.swift */; };
		E65F4DC729DF4D228469BFD8 /* libPods.a in Frameworks */ = {isa = PBXBuildFile; fileRef = 64947415629F313746A3B716 /* libPods.a */; };
/* End PBXBuildFile section */

/* Begin PBXContainerItemProxy section */
		1290289F1B47C0590038D99B /* PBXContainerItemProxy */ = {
			isa = PBXContainerItemProxy;
			containerPortal = 1290287F1B47C0590038D99B /* Project object */;
			proxyType = 1;
			remoteGlobalIDString = 129028861B47C0590038D99B;
			remoteInfo = NCMBiOS_Facebook;
		};
/* End PBXContainerItemProxy section */

/* Begin PBXFileReference section */
		1229503E1B4BB78300D40974 /* NCMBiOS_Facebook-Bridging-Header.h */ = {isa = PBXFileReference; fileEncoding = 4; lastKnownFileType = sourcecode.c.h; path = "NCMBiOS_Facebook-Bridging-Header.h"; sourceTree = "<group>"; };
		125A46731B4A658F0070416B /* Todo.swift */ = {isa = PBXFileReference; fileEncoding = 4; lastKnownFileType = sourcecode.swift; path = Todo.swift; sourceTree = "<group>"; };
		125A46751B4B53A00070416B /* Settings.swift */ = {isa = PBXFileReference; fileEncoding = 4; lastKnownFileType = sourcecode.swift; path = Settings.swift; sourceTree = "<group>"; };
		129028871B47C0590038D99B /* NCMBiOS_Facebook.app */ = {isa = PBXFileReference; explicitFileType = wrapper.application; includeInIndex = 0; path = NCMBiOS_Facebook.app; sourceTree = BUILT_PRODUCTS_DIR; };
		1290288B1B47C0590038D99B /* Info.plist */ = {isa = PBXFileReference; lastKnownFileType = text.plist.xml; path = Info.plist; sourceTree = "<group>"; };
		1290288C1B47C0590038D99B /* AppDelegate.swift */ = {isa = PBXFileReference; lastKnownFileType = sourcecode.swift; path = AppDelegate.swift; sourceTree = "<group>"; };
		1290288E1B47C0590038D99B /* MasterViewController.swift */ = {isa = PBXFileReference; lastKnownFileType = sourcecode.swift; path = MasterViewController.swift; sourceTree = "<group>"; };
		129028901B47C0590038D99B /* DetailViewController.swift */ = {isa = PBXFileReference; lastKnownFileType = sourcecode.swift; path = DetailViewController.swift; sourceTree = "<group>"; };
		129028931B47C0590038D99B /* Base */ = {isa = PBXFileReference; lastKnownFileType = file.storyboard; name = Base; path = Base.lproj/Main.storyboard; sourceTree = "<group>"; };
		129028951B47C0590038D99B /* Images.xcassets */ = {isa = PBXFileReference; lastKnownFileType = folder.assetcatalog; path = Images.xcassets; sourceTree = "<group>"; };
		129028981B47C0590038D99B /* Base */ = {isa = PBXFileReference; lastKnownFileType = file.xib; name = Base; path = Base.lproj/LaunchScreen.xib; sourceTree = "<group>"; };
		1290289E1B47C0590038D99B /* NCMBiOS_FacebookTests.xctest */ = {isa = PBXFileReference; explicitFileType = wrapper.cfbundle; includeInIndex = 0; path = NCMBiOS_FacebookTests.xctest; sourceTree = BUILT_PRODUCTS_DIR; };
		129028A31B47C0590038D99B /* Info.plist */ = {isa = PBXFileReference; lastKnownFileType = text.plist.xml; path = Info.plist; sourceTree = "<group>"; };
		129028A41B47C0590038D99B /* NCMBiOS_FacebookTests.swift */ = {isa = PBXFileReference; lastKnownFileType = sourcecode.swift; path = NCMBiOS_FacebookTests.swift; sourceTree = "<group>"; };
		12BA5C051B494413005936CA /* LoginViewController.swift */ = {isa = PBXFileReference; fileEncoding = 4; lastKnownFileType = sourcecode.swift; path = LoginViewController.swift; sourceTree = "<group>"; };
		22D90140AA3CA8801A01713F /* Pods.release.xcconfig */ = {isa = PBXFileReference; includeInIndex = 1; lastKnownFileType = text.xcconfig; name = Pods.release.xcconfig; path = "Pods/Target Support Files/Pods/Pods.release.xcconfig"; sourceTree = "<group>"; };
		64947415629F313746A3B716 /* libPods.a */ = {isa = PBXFileReference; explicitFileType = archive.ar; includeInIndex = 0; path = libPods.a; sourceTree = BUILT_PRODUCTS_DIR; };
		7BF006C2FDAF7AAC02E7547C /* Pods.debug.xcconfig */ = {isa = PBXFileReference; includeInIndex = 1; lastKnownFileType = text.xcconfig; name = Pods.debug.xcconfig; path = "Pods/Target Support Files/Pods/Pods.debug.xcconfig"; sourceTree = "<group>"; };
/* End PBXFileReference section */

/* Begin PBXFrameworksBuildPhase section */
		129028841B47C0590038D99B /* Frameworks */ = {
			isa = PBXFrameworksBuildPhase;
			buildActionMask = 2147483647;
			files = (
				E65F4DC729DF4D228469BFD8 /* libPods.a in Frameworks */,
			);
			runOnlyForDeploymentPostprocessing = 0;
		};
		1290289B1B47C0590038D99B /* Frameworks */ = {
			isa = PBXFrameworksBuildPhase;
			buildActionMask = 2147483647;
			files = (
			);
			runOnlyForDeploymentPostprocessing = 0;
		};
/* End PBXFrameworksBuildPhase section */

/* Begin PBXGroup section */
		1290287E1B47C0590038D99B = {
			isa = PBXGroup;
			children = (
				129028891B47C0590038D99B /* NCMBiOS_Facebook */,
				129028A11B47C0590038D99B /* NCMBiOS_FacebookTests */,
				129028881B47C0590038D99B /* Products */,
				9BB1EF55D6299DC2A8EC68C2 /* Pods */,
				CD536E03577B9664D1EF4EAE /* Frameworks */,
			);
			sourceTree = "<group>";
		};
		129028881B47C0590038D99B /* Products */ = {
			isa = PBXGroup;
			children = (
				129028871B47C0590038D99B /* NCMBiOS_Facebook.app */,
				1290289E1B47C0590038D99B /* NCMBiOS_FacebookTests.xctest */,
			);
			name = Products;
			sourceTree = "<group>";
		};
		129028891B47C0590038D99B /* NCMBiOS_Facebook */ = {
			isa = PBXGroup;
			children = (
				125A46751B4B53A00070416B /* Settings.swift */,
				1290288C1B47C0590038D99B /* AppDelegate.swift */,
				12BA5C051B494413005936CA /* LoginViewController.swift */,
				1290288E1B47C0590038D99B /* MasterViewController.swift */,
				129028901B47C0590038D99B /* DetailViewController.swift */,
				125A46731B4A658F0070416B /* Todo.swift */,
				129028921B47C0590038D99B /* Main.storyboard */,
				129028951B47C0590038D99B /* Images.xcassets */,
				129028971B47C0590038D99B /* LaunchScreen.xib */,
				1290288A1B47C0590038D99B /* Supporting Files */,
			);
			path = NCMBiOS_Facebook;
			sourceTree = "<group>";
		};
		1290288A1B47C0590038D99B /* Supporting Files */ = {
			isa = PBXGroup;
			children = (
				1229503E1B4BB78300D40974 /* NCMBiOS_Facebook-Bridging-Header.h */,
				1290288B1B47C0590038D99B /* Info.plist */,
			);
			name = "Supporting Files";
			sourceTree = "<group>";
		};
		129028A11B47C0590038D99B /* NCMBiOS_FacebookTests */ = {
			isa = PBXGroup;
			children = (
				129028A41B47C0590038D99B /* NCMBiOS_FacebookTests.swift */,
				129028A21B47C0590038D99B /* Supporting Files */,
			);
			path = NCMBiOS_FacebookTests;
			sourceTree = "<group>";
		};
		129028A21B47C0590038D99B /* Supporting Files */ = {
			isa = PBXGroup;
			children = (
				129028A31B47C0590038D99B /* Info.plist */,
			);
			name = "Supporting Files";
			sourceTree = "<group>";
		};
		9BB1EF55D6299DC2A8EC68C2 /* Pods */ = {
			isa = PBXGroup;
			children = (
				7BF006C2FDAF7AAC02E7547C /* Pods.debug.xcconfig */,
				22D90140AA3CA8801A01713F /* Pods.release.xcconfig */,
			);
			name = Pods;
			sourceTree = "<group>";
		};
		CD536E03577B9664D1EF4EAE /* Frameworks */ = {
			isa = PBXGroup;
			children = (
				64947415629F313746A3B716 /* libPods.a */,
			);
			name = Frameworks;
			sourceTree = "<group>";
		};
/* End PBXGroup section */

/* Begin PBXNativeTarget section */
		129028861B47C0590038D99B /* NCMBiOS_Facebook */ = {
			isa = PBXNativeTarget;
			buildConfigurationList = 129028A81B47C0590038D99B /* Build configuration list for PBXNativeTarget "NCMBiOS_Facebook" */;
			buildPhases = (
				A65D36A5C81A489E7AE9233C /* Check Pods Manifest.lock */,
				129028831B47C0590038D99B /* Sources */,
				129028841B47C0590038D99B /* Frameworks */,
				129028851B47C0590038D99B /* Resources */,
				A5EB66A6835963D606D8A22E /* Copy Pods Resources */,
			);
			buildRules = (
			);
			dependencies = (
			);
			name = NCMBiOS_Facebook;
			productName = NCMBiOS_Facebook;
			productReference = 129028871B47C0590038D99B /* NCMBiOS_Facebook.app */;
			productType = "com.apple.product-type.application";
		};
		1290289D1B47C0590038D99B /* NCMBiOS_FacebookTests */ = {
			isa = PBXNativeTarget;
			buildConfigurationList = 129028AB1B47C0590038D99B /* Build configuration list for PBXNativeTarget "NCMBiOS_FacebookTests" */;
			buildPhases = (
				1290289A1B47C0590038D99B /* Sources */,
				1290289B1B47C0590038D99B /* Frameworks */,
				1290289C1B47C0590038D99B /* Resources */,
			);
			buildRules = (
			);
			dependencies = (
				129028A01B47C0590038D99B /* PBXTargetDependency */,
			);
			name = NCMBiOS_FacebookTests;
			productName = NCMBiOS_FacebookTests;
			productReference = 1290289E1B47C0590038D99B /* NCMBiOS_FacebookTests.xctest */;
			productType = "com.apple.product-type.bundle.unit-test";
		};
/* End PBXNativeTarget section */

/* Begin PBXProject section */
		1290287F1B47C0590038D99B /* Project object */ = {
			isa = PBXProject;
			attributes = {
				LastUpgradeCheck = 0640;
				ORGANIZATIONNAME = "Naoki Tsutsui";
				TargetAttributes = {
					129028861B47C0590038D99B = {
						CreatedOnToolsVersion = 6.4;
					};
					1290289D1B47C0590038D99B = {
						CreatedOnToolsVersion = 6.4;
						TestTargetID = 129028861B47C0590038D99B;
					};
				};
			};
			buildConfigurationList = 129028821B47C0590038D99B /* Build configuration list for PBXProject "NCMBiOS_Facebook" */;
			compatibilityVersion = "Xcode 3.2";
			developmentRegion = English;
			hasScannedForEncodings = 0;
			knownRegions = (
				en,
				Base,
			);
			mainGroup = 1290287E1B47C0590038D99B;
			productRefGroup = 129028881B47C0590038D99B /* Products */;
			projectDirPath = "";
			projectRoot = "";
			targets = (
				129028861B47C0590038D99B /* NCMBiOS_Facebook */,
				1290289D1B47C0590038D99B /* NCMBiOS_FacebookTests */,
			);
		};
/* End PBXProject section */

/* Begin PBXResourcesBuildPhase section */
		129028851B47C0590038D99B /* Resources */ = {
			isa = PBXResourcesBuildPhase;
			buildActionMask = 2147483647;
			files = (
				129028941B47C0590038D99B /* Main.storyboard in Resources */,
				129028991B47C0590038D99B /* LaunchScreen.xib in Resources */,
				129028961B47C0590038D99B /* Images.xcassets in Resources */,
			);
			runOnlyForDeploymentPostprocessing = 0;
		};
		1290289C1B47C0590038D99B /* Resources */ = {
			isa = PBXResourcesBuildPhase;
			buildActionMask = 2147483647;
			files = (
			);
			runOnlyForDeploymentPostprocessing = 0;
		};
/* End PBXResourcesBuildPhase section */

/* Begin PBXShellScriptBuildPhase section */
		A5EB66A6835963D606D8A22E /* Copy Pods Resources */ = {
			isa = PBXShellScriptBuildPhase;
			buildActionMask = 2147483647;
			files = (
			);
			inputPaths = (
			);
			name = "Copy Pods Resources";
			outputPaths = (
			);
			runOnlyForDeploymentPostprocessing = 0;
			shellPath = /bin/sh;
			shellScript = "\"${SRCROOT}/Pods/Target Support Files/Pods/Pods-resources.sh\"\n";
			showEnvVarsInLog = 0;
		};
		A65D36A5C81A489E7AE9233C /* Check Pods Manifest.lock */ = {
			isa = PBXShellScriptBuildPhase;
			buildActionMask = 2147483647;
			files = (
			);
			inputPaths = (
			);
			name = "Check Pods Manifest.lock";
			outputPaths = (
			);
			runOnlyForDeploymentPostprocessing = 0;
			shellPath = /bin/sh;
			shellScript = "diff \"${PODS_ROOT}/../Podfile.lock\" \"${PODS_ROOT}/Manifest.lock\" > /dev/null\nif [[ $? != 0 ]] ; then\n    cat << EOM\nerror: The sandbox is not in sync with the Podfile.lock. Run 'pod install' or update your CocoaPods installation.\nEOM\n    exit 1\nfi\n";
			showEnvVarsInLog = 0;
		};
/* End PBXShellScriptBuildPhase section */

/* Begin PBXSourcesBuildPhase section */
		129028831B47C0590038D99B /* Sources */ = {
			isa = PBXSourcesBuildPhase;
			buildActionMask = 2147483647;
			files = (
				125A46761B4B53A00070416B /* Settings.swift in Sources */,
				12BA5C061B494413005936CA /* LoginViewController.swift in Sources */,
				129028911B47C0590038D99B /* DetailViewController.swift in Sources */,
				1290288F1B47C0590038D99B /* MasterViewController.swift in Sources */,
				1290288D1B47C0590038D99B /* AppDelegate.swift in Sources */,
				125A46741B4A658F0070416B /* Todo.swift in Sources */,
			);
			runOnlyForDeploymentPostprocessing = 0;
		};
		1290289A1B47C0590038D99B /* Sources */ = {
			isa = PBXSourcesBuildPhase;
			buildActionMask = 2147483647;
			files = (
				129028A51B47C0590038D99B /* NCMBiOS_FacebookTests.swift in Sources */,
			);
			runOnlyForDeploymentPostprocessing = 0;
		};
/* End PBXSourcesBuildPhase section */

/* Begin PBXTargetDependency section */
		129028A01B47C0590038D99B /* PBXTargetDependency */ = {
			isa = PBXTargetDependency;
			target = 129028861B47C0590038D99B /* NCMBiOS_Facebook */;
			targetProxy = 1290289F1B47C0590038D99B /* PBXContainerItemProxy */;
		};
/* End PBXTargetDependency section */

/* Begin PBXVariantGroup section */
		129028921B47C0590038D99B /* Main.storyboard */ = {
			isa = PBXVariantGroup;
			children = (
				129028931B47C0590038D99B /* Base */,
			);
			name = Main.storyboard;
			sourceTree = "<group>";
		};
		129028971B47C0590038D99B /* LaunchScreen.xib */ = {
			isa = PBXVariantGroup;
			children = (
				129028981B47C0590038D99B /* Base */,
			);
			name = LaunchScreen.xib;
			sourceTree = "<group>";
		};
/* End PBXVariantGroup section */

/* Begin XCBuildConfiguration section */
		129028A61B47C0590038D99B /* Debug */ = {
			isa = XCBuildConfiguration;
			buildSettings = {
				ALWAYS_SEARCH_USER_PATHS = NO;
				CLANG_CXX_LANGUAGE_STANDARD = "gnu++0x";
				CLANG_CXX_LIBRARY = "libc++";
				CLANG_ENABLE_MODULES = YES;
				CLANG_ENABLE_OBJC_ARC = YES;
				CLANG_WARN_BOOL_CONVERSION = YES;
				CLANG_WARN_CONSTANT_CONVERSION = YES;
				CLANG_WARN_DIRECT_OBJC_ISA_USAGE = YES_ERROR;
				CLANG_WARN_EMPTY_BODY = YES;
				CLANG_WARN_ENUM_CONVERSION = YES;
				CLANG_WARN_INT_CONVERSION = YES;
				CLANG_WARN_OBJC_ROOT_CLASS = YES_ERROR;
				CLANG_WARN_UNREACHABLE_CODE = YES;
				CLANG_WARN__DUPLICATE_METHOD_MATCH = YES;
				"CODE_SIGN_IDENTITY[sdk=iphoneos*]" = "iPhone Developer";
				COPY_PHASE_STRIP = NO;
				DEBUG_INFORMATION_FORMAT = "dwarf-with-dsym";
				ENABLE_STRICT_OBJC_MSGSEND = YES;
				GCC_C_LANGUAGE_STANDARD = gnu99;
				GCC_DYNAMIC_NO_PIC = NO;
				GCC_NO_COMMON_BLOCKS = YES;
				GCC_OPTIMIZATION_LEVEL = 0;
				GCC_PREPROCESSOR_DEFINITIONS = (
					"DEBUG=1",
					"$(inherited)",
				);
				GCC_SYMBOLS_PRIVATE_EXTERN = NO;
				GCC_WARN_64_TO_32_BIT_CONVERSION = YES;
				GCC_WARN_ABOUT_RETURN_TYPE = YES_ERROR;
				GCC_WARN_UNDECLARED_SELECTOR = YES;
				GCC_WARN_UNINITIALIZED_AUTOS = YES_AGGRESSIVE;
				GCC_WARN_UNUSED_FUNCTION = YES;
				GCC_WARN_UNUSED_VARIABLE = YES;
				IPHONEOS_DEPLOYMENT_TARGET = 8.4;
				MTL_ENABLE_DEBUG_INFO = YES;
				ONLY_ACTIVE_ARCH = YES;
				SDKROOT = iphoneos;
				SWIFT_OPTIMIZATION_LEVEL = "-Onone";
			};
			name = Debug;
		};
		129028A71B47C0590038D99B /* Release */ = {
			isa = XCBuildConfiguration;
			buildSettings = {
				ALWAYS_SEARCH_USER_PATHS = NO;
				CLANG_CXX_LANGUAGE_STANDARD = "gnu++0x";
				CLANG_CXX_LIBRARY = "libc++";
				CLANG_ENABLE_MODULES = YES;
				CLANG_ENABLE_OBJC_ARC = YES;
				CLANG_WARN_BOOL_CONVERSION = YES;
				CLANG_WARN_CONSTANT_CONVERSION = YES;
				CLANG_WARN_DIRECT_OBJC_ISA_USAGE = YES_ERROR;
				CLANG_WARN_EMPTY_BODY = YES;
				CLANG_WARN_ENUM_CONVERSION = YES;
				CLANG_WARN_INT_CONVERSION = YES;
				CLANG_WARN_OBJC_ROOT_CLASS = YES_ERROR;
				CLANG_WARN_UNREACHABLE_CODE = YES;
				CLANG_WARN__DUPLICATE_METHOD_MATCH = YES;
				"CODE_SIGN_IDENTITY[sdk=iphoneos*]" = "iPhone Developer";
				COPY_PHASE_STRIP = NO;
				DEBUG_INFORMATION_FORMAT = "dwarf-with-dsym";
				ENABLE_NS_ASSERTIONS = NO;
				ENABLE_STRICT_OBJC_MSGSEND = YES;
				GCC_C_LANGUAGE_STANDARD = gnu99;
				GCC_NO_COMMON_BLOCKS = YES;
				GCC_WARN_64_TO_32_BIT_CONVERSION = YES;
				GCC_WARN_ABOUT_RETURN_TYPE = YES_ERROR;
				GCC_WARN_UNDECLARED_SELECTOR = YES;
				GCC_WARN_UNINITIALIZED_AUTOS = YES_AGGRESSIVE;
				GCC_WARN_UNUSED_FUNCTION = YES;
				GCC_WARN_UNUSED_VARIABLE = YES;
				IPHONEOS_DEPLOYMENT_TARGET = 8.4;
				MTL_ENABLE_DEBUG_INFO = NO;
				SDKROOT = iphoneos;
				VALIDATE_PRODUCT = YES;
			};
			name = Release;
		};
		129028A91B47C0590038D99B /* Debug */ = {
			isa = XCBuildConfiguration;
			baseConfigurationReference = 7BF006C2FDAF7AAC02E7547C /* Pods.debug.xcconfig */;
			buildSettings = {
				ASSETCATALOG_COMPILER_APPICON_NAME = AppIcon;
				CLANG_ENABLE_MODULES = YES;
				INFOPLIST_FILE = NCMBiOS_Facebook/Info.plist;
				LD_RUNPATH_SEARCH_PATHS = "$(inherited) @executable_path/Frameworks";
				PRODUCT_NAME = "$(TARGET_NAME)";
				SWIFT_OBJC_BRIDGING_HEADER = "NCMBiOS_Facebook/NCMBiOS_Facebook-Bridging-Header.h";
				SWIFT_OPTIMIZATION_LEVEL = "-Onone";
			};
			name = Debug;
		};
		129028AA1B47C0590038D99B /* Release */ = {
			isa = XCBuildConfiguration;
			baseConfigurationReference = 22D90140AA3CA8801A01713F /* Pods.release.xcconfig */;
			buildSettings = {
				ASSETCATALOG_COMPILER_APPICON_NAME = AppIcon;
				CLANG_ENABLE_MODULES = YES;
				INFOPLIST_FILE = NCMBiOS_Facebook/Info.plist;
				LD_RUNPATH_SEARCH_PATHS = "$(inherited) @executable_path/Frameworks";
				PRODUCT_NAME = "$(TARGET_NAME)";
				SWIFT_OBJC_BRIDGING_HEADER = "NCMBiOS_Facebook/NCMBiOS_Facebook-Bridging-Header.h";
			};
			name = Release;
		};
		129028AC1B47C0590038D99B /* Debug */ = {
			isa = XCBuildConfiguration;
			buildSettings = {
				BUNDLE_LOADER = "$(TEST_HOST)";
				FRAMEWORK_SEARCH_PATHS = (
					"$(SDKROOT)/Developer/Library/Frameworks",
					"$(inherited)",
				);
				GCC_PREPROCESSOR_DEFINITIONS = (
					"DEBUG=1",
					"$(inherited)",
				);
				INFOPLIST_FILE = NCMBiOS_FacebookTests/Info.plist;
				LD_RUNPATH_SEARCH_PATHS = "$(inherited) @executable_path/Frameworks @loader_path/Frameworks";
				PRODUCT_NAME = "$(TARGET_NAME)";
				TEST_HOST = "$(BUILT_PRODUCTS_DIR)/NCMBiOS_Facebook.app/NCMBiOS_Facebook";
			};
			name = Debug;
		};
		129028AD1B47C0590038D99B /* Release */ = {
			isa = XCBuildConfiguration;
			buildSettings = {
				BUNDLE_LOADER = "$(TEST_HOST)";
				FRAMEWORK_SEARCH_PATHS = (
					"$(SDKROOT)/Developer/Library/Frameworks",
					"$(inherited)",
				);
				INFOPLIST_FILE = NCMBiOS_FacebookTests/Info.plist;
				LD_RUNPATH_SEARCH_PATHS = "$(inherited) @executable_path/Frameworks @loader_path/Frameworks";
				PRODUCT_NAME = "$(TARGET_NAME)";
				TEST_HOST = "$(BUILT_PRODUCTS_DIR)/NCMBiOS_Facebook.app/NCMBiOS_Facebook";
			};
			name = Release;
		};
/* End XCBuildConfiguration section */

/* Begin XCConfigurationList section */
		129028821B47C0590038D99B /* Build configuration list for PBXProject "NCMBiOS_Facebook" */ = {
			isa = XCConfigurationList;
			buildConfigurations = (
				129028A61B47C0590038D99B /* Debug */,
				129028A71B47C0590038D99B /* Release */,
			);
			defaultConfigurationIsVisible = 0;
			defaultConfigurationName = Release;
		};
		129028A81B47C0590038D99B /* Build configuration list for PBXNativeTarget "NCMBiOS_Facebook" */ = {
			isa = XCConfigurationList;
			buildConfigurations = (
				129028A91B47C0590038D99B /* Debug */,
				129028AA1B47C0590038D99B /* Release */,
			);
			defaultConfigurationIsVisible = 0;
			defaultConfigurationName = Release;
		};
		129028AB1B47C0590038D99B /* Build configuration list for PBXNativeTarget "NCMBiOS_FacebookTests" */ = {
			isa = XCConfigurationList;
			buildConfigurations = (
				129028AC1B47C0590038D99B /* Debug */,
				129028AD1B47C0590038D99B /* Release */,
			);
			defaultConfigurationIsVisible = 0;
			defaultConfigurationName = Release;
		};
/* End XCConfigurationList section */
	};
	rootObject = 1290287F1B47C0590038D99B /* Project object */;
}
